// !$*UTF8*$!
{
	archiveVersion = 1;
	classes = {
	};
	objectVersion = 55;
	objects = {

/* Begin PBXBuildFile section */
		FC230896286342B500186843 /* SDUIValidationApp.swift in Sources */ = {isa = PBXBuildFile; fileRef = FC230886286342B200186843 /* SDUIValidationApp.swift */; };
		FC230897286342B500186843 /* SDUIValidationApp.swift in Sources */ = {isa = PBXBuildFile; fileRef = FC230886286342B200186843 /* SDUIValidationApp.swift */; };
		FC23089A286342B500186843 /* Assets.xcassets in Resources */ = {isa = PBXBuildFile; fileRef = FC230888286342B500186843 /* Assets.xcassets */; };
		FC23089B286342B500186843 /* Assets.xcassets in Resources */ = {isa = PBXBuildFile; fileRef = FC230888286342B500186843 /* Assets.xcassets */; };
		FC2308A82863439300186843 /* SDUI in Frameworks */ = {isa = PBXBuildFile; productRef = FC2308A72863439300186843 /* SDUI */; };
		FC2308AB2863466600186843 /* SDUIData.swift in Sources */ = {isa = PBXBuildFile; fileRef = FC2308AA2863466600186843 /* SDUIData.swift */; };
		FC2308AC2863466600186843 /* SDUIData.swift in Sources */ = {isa = PBXBuildFile; fileRef = FC2308AA2863466600186843 /* SDUIData.swift */; };
		FC2308AE286346D800186843 /* AppDelegate.swift in Sources */ = {isa = PBXBuildFile; fileRef = FC2308AD286346D800186843 /* AppDelegate.swift */; };
		FC2308AF286346D800186843 /* AppDelegate.swift in Sources */ = {isa = PBXBuildFile; fileRef = FC2308AD286346D800186843 /* AppDelegate.swift */; };
		FC2308B1286347B900186843 /* Api.swift in Sources */ = {isa = PBXBuildFile; fileRef = FC2308B0286347B900186843 /* Api.swift */; };
		FC2308B2286347B900186843 /* Api.swift in Sources */ = {isa = PBXBuildFile; fileRef = FC2308B0286347B900186843 /* Api.swift */; };
		FC2308B528634A8B00186843 /* ComponentDelegate.swift in Sources */ = {isa = PBXBuildFile; fileRef = FC2308B428634A8B00186843 /* ComponentDelegate.swift */; };
		FC2308B628634A8B00186843 /* ComponentDelegate.swift in Sources */ = {isa = PBXBuildFile; fileRef = FC2308B428634A8B00186843 /* ComponentDelegate.swift */; };
		FC2308B828634CB600186843 /* ProductComponent.swift in Sources */ = {isa = PBXBuildFile; fileRef = FC2308B728634CB500186843 /* ProductComponent.swift */; };
		FC2308B928634CB600186843 /* ProductComponent.swift in Sources */ = {isa = PBXBuildFile; fileRef = FC2308B728634CB500186843 /* ProductComponent.swift */; };
/* End PBXBuildFile section */

/* Begin PBXFileReference section */
		FC230886286342B200186843 /* SDUIValidationApp.swift */ = {isa = PBXFileReference; lastKnownFileType = sourcecode.swift; path = SDUIValidationApp.swift; sourceTree = "<group>"; };
		FC230888286342B500186843 /* Assets.xcassets */ = {isa = PBXFileReference; lastKnownFileType = folder.assetcatalog; path = Assets.xcassets; sourceTree = "<group>"; };
		FC23088D286342B500186843 /* SDUIValidation.app */ = {isa = PBXFileReference; explicitFileType = wrapper.application; includeInIndex = 0; path = SDUIValidation.app; sourceTree = BUILT_PRODUCTS_DIR; };
		FC230893286342B500186843 /* SDUIValidation.app */ = {isa = PBXFileReference; explicitFileType = wrapper.application; includeInIndex = 0; path = SDUIValidation.app; sourceTree = BUILT_PRODUCTS_DIR; };
		FC230895286342B500186843 /* macOS.entitlements */ = {isa = PBXFileReference; lastKnownFileType = text.plist.entitlements; path = macOS.entitlements; sourceTree = "<group>"; };
		FC2308A52863433100186843 /* sdui.validation.ios */ = {isa = PBXFileReference; lastKnownFileType = wrapper; name = sdui.validation.ios; path = ..; sourceTree = "<group>"; };
		FC2308AA2863466600186843 /* SDUIData.swift */ = {isa = PBXFileReference; lastKnownFileType = sourcecode.swift; path = SDUIData.swift; sourceTree = "<group>"; };
		FC2308AD286346D800186843 /* AppDelegate.swift */ = {isa = PBXFileReference; lastKnownFileType = sourcecode.swift; path = AppDelegate.swift; sourceTree = "<group>"; };
		FC2308B0286347B900186843 /* Api.swift */ = {isa = PBXFileReference; lastKnownFileType = sourcecode.swift; path = Api.swift; sourceTree = "<group>"; };
		FC2308B428634A8B00186843 /* ComponentDelegate.swift */ = {isa = PBXFileReference; lastKnownFileType = sourcecode.swift; path = ComponentDelegate.swift; sourceTree = "<group>"; };
		FC2308B728634CB500186843 /* ProductComponent.swift */ = {isa = PBXFileReference; lastKnownFileType = sourcecode.swift; path = ProductComponent.swift; sourceTree = "<group>"; };
/* End PBXFileReference section */

/* Begin PBXFrameworksBuildPhase section */
		FC23088A286342B500186843 /* Frameworks */ = {
			isa = PBXFrameworksBuildPhase;
			buildActionMask = 2147483647;
			files = (
				FC2308A82863439300186843 /* SDUI in Frameworks */,
			);
			runOnlyForDeploymentPostprocessing = 0;
		};
		FC230890286342B500186843 /* Frameworks */ = {
			isa = PBXFrameworksBuildPhase;
			buildActionMask = 2147483647;
			files = (
			);
			runOnlyForDeploymentPostprocessing = 0;
		};
/* End PBXFrameworksBuildPhase section */

/* Begin PBXGroup section */
		FC230880286342B100186843 = {
			isa = PBXGroup;
			children = (
				FC2308A42863433100186843 /* Packages */,
				FC230885286342B200186843 /* Shared */,
				FC230894286342B500186843 /* macOS */,
				FC23088E286342B500186843 /* Products */,
				FC2308A62863439300186843 /* Frameworks */,
			);
			sourceTree = "<group>";
		};
		FC230885286342B200186843 /* Shared */ = {
			isa = PBXGroup;
			children = (
				FC230886286342B200186843 /* SDUIValidationApp.swift */,
				FC2308AD286346D800186843 /* AppDelegate.swift */,
				FC2308B0286347B900186843 /* Api.swift */,
				FC2308AA2863466600186843 /* SDUIData.swift */,
				FC2308B328634A7600186843 /* Delegate */,
				FC2308A92863465000186843 /* Components */,
				FC230888286342B500186843 /* Assets.xcassets */,
			);
			path = Shared;
			sourceTree = "<group>";
		};
		FC23088E286342B500186843 /* Products */ = {
			isa = PBXGroup;
			children = (
				FC23088D286342B500186843 /* SDUIValidation.app */,
				FC230893286342B500186843 /* SDUIValidation.app */,
			);
			name = Products;
			sourceTree = "<group>";
		};
		FC230894286342B500186843 /* macOS */ = {
			isa = PBXGroup;
			children = (
				FC230895286342B500186843 /* macOS.entitlements */,
			);
			path = macOS;
			sourceTree = "<group>";
		};
		FC2308A42863433100186843 /* Packages */ = {
			isa = PBXGroup;
			children = (
				FC2308A52863433100186843 /* sdui.validation.ios */,
			);
			name = Packages;
			sourceTree = "<group>";
		};
		FC2308A62863439300186843 /* Frameworks */ = {
			isa = PBXGroup;
			children = (
			);
			name = Frameworks;
			sourceTree = "<group>";
		};
		FC2308A92863465000186843 /* Components */ = {
			isa = PBXGroup;
			children = (
				FC2308B728634CB500186843 /* ProductComponent.swift */,
			);
			path = Components;
			sourceTree = "<group>";
		};
		FC2308B328634A7600186843 /* Delegate */ = {
			isa = PBXGroup;
			children = (
				FC2308B428634A8B00186843 /* ComponentDelegate.swift */,
			);
			path = Delegate;
			sourceTree = "<group>";
		};
/* End PBXGroup section */

/* Begin PBXNativeTarget section */
		FC23088C286342B500186843 /* SDUIValidation (iOS) */ = {
			isa = PBXNativeTarget;
			buildConfigurationList = FC23089E286342B500186843 /* Build configuration list for PBXNativeTarget "SDUIValidation (iOS)" */;
			buildPhases = (
				FC230889286342B500186843 /* Sources */,
				FC23088A286342B500186843 /* Frameworks */,
				FC23088B286342B500186843 /* Resources */,
			);
			buildRules = (
			);
			dependencies = (
			);
			name = "SDUIValidation (iOS)";
			packageProductDependencies = (
				FC2308A72863439300186843 /* SDUI */,
			);
			productName = "SDUIValidation (iOS)";
			productReference = FC23088D286342B500186843 /* SDUIValidation.app */;
			productType = "com.apple.product-type.application";
		};
		FC230892286342B500186843 /* SDUIValidation (macOS) */ = {
			isa = PBXNativeTarget;
			buildConfigurationList = FC2308A1286342B500186843 /* Build configuration list for PBXNativeTarget "SDUIValidation (macOS)" */;
			buildPhases = (
				FC23088F286342B500186843 /* Sources */,
				FC230890286342B500186843 /* Frameworks */,
				FC230891286342B500186843 /* Resources */,
			);
			buildRules = (
			);
			dependencies = (
			);
			name = "SDUIValidation (macOS)";
			productName = "SDUIValidation (macOS)";
			productReference = FC230893286342B500186843 /* SDUIValidation.app */;
			productType = "com.apple.product-type.application";
		};
/* End PBXNativeTarget section */

/* Begin PBXProject section */
		FC230881286342B100186843 /* Project object */ = {
			isa = PBXProject;
			attributes = {
				BuildIndependentTargetsInParallel = 1;
				LastSwiftUpdateCheck = 1340;
				LastUpgradeCheck = 1340;
				TargetAttributes = {
					FC23088C286342B500186843 = {
						CreatedOnToolsVersion = 13.4.1;
					};
					FC230892286342B500186843 = {
						CreatedOnToolsVersion = 13.4.1;
					};
				};
			};
			buildConfigurationList = FC230884286342B100186843 /* Build configuration list for PBXProject "validation" */;
			compatibilityVersion = "Xcode 13.0";
			developmentRegion = en;
			hasScannedForEncodings = 0;
			knownRegions = (
				en,
				Base,
			);
			mainGroup = FC230880286342B100186843;
			productRefGroup = FC23088E286342B500186843 /* Products */;
			projectDirPath = "";
			projectRoot = "";
			targets = (
				FC23088C286342B500186843 /* SDUIValidation (iOS) */,
				FC230892286342B500186843 /* SDUIValidation (macOS) */,
			);
		};
/* End PBXProject section */

/* Begin PBXResourcesBuildPhase section */
		FC23088B286342B500186843 /* Resources */ = {
			isa = PBXResourcesBuildPhase;
			buildActionMask = 2147483647;
			files = (
				FC23089A286342B500186843 /* Assets.xcassets in Resources */,
			);
			runOnlyForDeploymentPostprocessing = 0;
		};
		FC230891286342B500186843 /* Resources */ = {
			isa = PBXResourcesBuildPhase;
			buildActionMask = 2147483647;
			files = (
				FC23089B286342B500186843 /* Assets.xcassets in Resources */,
			);
			runOnlyForDeploymentPostprocessing = 0;
		};
/* End PBXResourcesBuildPhase section */

/* Begin PBXSourcesBuildPhase section */
		FC230889286342B500186843 /* Sources */ = {
			isa = PBXSourcesBuildPhase;
			buildActionMask = 2147483647;
			files = (
				FC2308B528634A8B00186843 /* ComponentDelegate.swift in Sources */,
				FC2308B828634CB600186843 /* ProductComponent.swift in Sources */,
				FC2308AE286346D800186843 /* AppDelegate.swift in Sources */,
				FC230896286342B500186843 /* SDUIValidationApp.swift in Sources */,
				FC2308B1286347B900186843 /* Api.swift in Sources */,
				FC2308AB2863466600186843 /* SDUIData.swift in Sources */,
			);
			runOnlyForDeploymentPostprocessing = 0;
		};
		FC23088F286342B500186843 /* Sources */ = {
			isa = PBXSourcesBuildPhase;
			buildActionMask = 2147483647;
			files = (
				FC2308B628634A8B00186843 /* ComponentDelegate.swift in Sources */,
				FC2308B928634CB600186843 /* ProductComponent.swift in Sources */,
				FC2308AF286346D800186843 /* AppDelegate.swift in Sources */,
				FC230897286342B500186843 /* SDUIValidationApp.swift in Sources */,
				FC2308B2286347B900186843 /* Api.swift in Sources */,
				FC2308AC2863466600186843 /* SDUIData.swift in Sources */,
			);
			runOnlyForDeploymentPostprocessing = 0;
		};
/* End PBXSourcesBuildPhase section */

/* Begin XCBuildConfiguration section */
		FC23089C286342B500186843 /* Debug */ = {
			isa = XCBuildConfiguration;
			buildSettings = {
				ALWAYS_SEARCH_USER_PATHS = NO;
				CLANG_ANALYZER_NONNULL = YES;
				CLANG_ANALYZER_NUMBER_OBJECT_CONVERSION = YES_AGGRESSIVE;
				CLANG_CXX_LANGUAGE_STANDARD = "gnu++17";
				CLANG_ENABLE_MODULES = YES;
				CLANG_ENABLE_OBJC_ARC = YES;
				CLANG_ENABLE_OBJC_WEAK = YES;
				CLANG_WARN_BLOCK_CAPTURE_AUTORELEASING = YES;
				CLANG_WARN_BOOL_CONVERSION = YES;
				CLANG_WARN_COMMA = YES;
				CLANG_WARN_CONSTANT_CONVERSION = YES;
				CLANG_WARN_DEPRECATED_OBJC_IMPLEMENTATIONS = YES;
				CLANG_WARN_DIRECT_OBJC_ISA_USAGE = YES_ERROR;
				CLANG_WARN_DOCUMENTATION_COMMENTS = YES;
				CLANG_WARN_EMPTY_BODY = YES;
				CLANG_WARN_ENUM_CONVERSION = YES;
				CLANG_WARN_INFINITE_RECURSION = YES;
				CLANG_WARN_INT_CONVERSION = YES;
				CLANG_WARN_NON_LITERAL_NULL_CONVERSION = YES;
				CLANG_WARN_OBJC_IMPLICIT_RETAIN_SELF = YES;
				CLANG_WARN_OBJC_LITERAL_CONVERSION = YES;
				CLANG_WARN_OBJC_ROOT_CLASS = YES_ERROR;
				CLANG_WARN_QUOTED_INCLUDE_IN_FRAMEWORK_HEADER = YES;
				CLANG_WARN_RANGE_LOOP_ANALYSIS = YES;
				CLANG_WARN_STRICT_PROTOTYPES = YES;
				CLANG_WARN_SUSPICIOUS_MOVE = YES;
				CLANG_WARN_UNGUARDED_AVAILABILITY = YES_AGGRESSIVE;
				CLANG_WARN_UNREACHABLE_CODE = YES;
				CLANG_WARN__DUPLICATE_METHOD_MATCH = YES;
				COPY_PHASE_STRIP = NO;
				DEBUG_INFORMATION_FORMAT = dwarf;
				ENABLE_STRICT_OBJC_MSGSEND = YES;
				ENABLE_TESTABILITY = YES;
				GCC_C_LANGUAGE_STANDARD = gnu11;
				GCC_DYNAMIC_NO_PIC = NO;
				GCC_NO_COMMON_BLOCKS = YES;
				GCC_OPTIMIZATION_LEVEL = 0;
				GCC_PREPROCESSOR_DEFINITIONS = (
					"DEBUG=1",
					"$(inherited)",
				);
				GCC_WARN_64_TO_32_BIT_CONVERSION = YES;
				GCC_WARN_ABOUT_RETURN_TYPE = YES_ERROR;
				GCC_WARN_UNDECLARED_SELECTOR = YES;
				GCC_WARN_UNINITIALIZED_AUTOS = YES_AGGRESSIVE;
				GCC_WARN_UNUSED_FUNCTION = YES;
				GCC_WARN_UNUSED_VARIABLE = YES;
				MTL_ENABLE_DEBUG_INFO = INCLUDE_SOURCE;
				MTL_FAST_MATH = YES;
				ONLY_ACTIVE_ARCH = YES;
				SWIFT_ACTIVE_COMPILATION_CONDITIONS = DEBUG;
				SWIFT_OPTIMIZATION_LEVEL = "-Onone";
			};
			name = Debug;
		};
		FC23089D286342B500186843 /* Release */ = {
			isa = XCBuildConfiguration;
			buildSettings = {
				ALWAYS_SEARCH_USER_PATHS = NO;
				CLANG_ANALYZER_NONNULL = YES;
				CLANG_ANALYZER_NUMBER_OBJECT_CONVERSION = YES_AGGRESSIVE;
				CLANG_CXX_LANGUAGE_STANDARD = "gnu++17";
				CLANG_ENABLE_MODULES = YES;
				CLANG_ENABLE_OBJC_ARC = YES;
				CLANG_ENABLE_OBJC_WEAK = YES;
				CLANG_WARN_BLOCK_CAPTURE_AUTORELEASING = YES;
				CLANG_WARN_BOOL_CONVERSION = YES;
				CLANG_WARN_COMMA = YES;
				CLANG_WARN_CONSTANT_CONVERSION = YES;
				CLANG_WARN_DEPRECATED_OBJC_IMPLEMENTATIONS = YES;
				CLANG_WARN_DIRECT_OBJC_ISA_USAGE = YES_ERROR;
				CLANG_WARN_DOCUMENTATION_COMMENTS = YES;
				CLANG_WARN_EMPTY_BODY = YES;
				CLANG_WARN_ENUM_CONVERSION = YES;
				CLANG_WARN_INFINITE_RECURSION = YES;
				CLANG_WARN_INT_CONVERSION = YES;
				CLANG_WARN_NON_LITERAL_NULL_CONVERSION = YES;
				CLANG_WARN_OBJC_IMPLICIT_RETAIN_SELF = YES;
				CLANG_WARN_OBJC_LITERAL_CONVERSION = YES;
				CLANG_WARN_OBJC_ROOT_CLASS = YES_ERROR;
				CLANG_WARN_QUOTED_INCLUDE_IN_FRAMEWORK_HEADER = YES;
				CLANG_WARN_RANGE_LOOP_ANALYSIS = YES;
				CLANG_WARN_STRICT_PROTOTYPES = YES;
				CLANG_WARN_SUSPICIOUS_MOVE = YES;
				CLANG_WARN_UNGUARDED_AVAILABILITY = YES_AGGRESSIVE;
				CLANG_WARN_UNREACHABLE_CODE = YES;
				CLANG_WARN__DUPLICATE_METHOD_MATCH = YES;
				COPY_PHASE_STRIP = NO;
				DEBUG_INFORMATION_FORMAT = "dwarf-with-dsym";
				ENABLE_NS_ASSERTIONS = NO;
				ENABLE_STRICT_OBJC_MSGSEND = YES;
				GCC_C_LANGUAGE_STANDARD = gnu11;
				GCC_NO_COMMON_BLOCKS = YES;
				GCC_WARN_64_TO_32_BIT_CONVERSION = YES;
				GCC_WARN_ABOUT_RETURN_TYPE = YES_ERROR;
				GCC_WARN_UNDECLARED_SELECTOR = YES;
				GCC_WARN_UNINITIALIZED_AUTOS = YES_AGGRESSIVE;
				GCC_WARN_UNUSED_FUNCTION = YES;
				GCC_WARN_UNUSED_VARIABLE = YES;
				MTL_ENABLE_DEBUG_INFO = NO;
				MTL_FAST_MATH = YES;
				SWIFT_COMPILATION_MODE = wholemodule;
				SWIFT_OPTIMIZATION_LEVEL = "-O";
			};
			name = Release;
		};
		FC23089F286342B500186843 /* Debug */ = {
			isa = XCBuildConfiguration;
			buildSettings = {
				ASSETCATALOG_COMPILER_APPICON_NAME = AppIcon;
				ASSETCATALOG_COMPILER_GLOBAL_ACCENT_COLOR_NAME = AccentColor;
				CODE_SIGN_STYLE = Automatic;
				CURRENT_PROJECT_VERSION = 1;
				DEVELOPMENT_TEAM = Q2P623XLD7;
				ENABLE_PREVIEWS = YES;
				GENERATE_INFOPLIST_FILE = YES;
				INFOPLIST_KEY_UIApplicationSceneManifest_Generation = YES;
				INFOPLIST_KEY_UIApplicationSupportsIndirectInputEvents = YES;
				INFOPLIST_KEY_UILaunchScreen_Generation = YES;
				INFOPLIST_KEY_UISupportedInterfaceOrientations_iPad = "UIInterfaceOrientationPortrait UIInterfaceOrientationPortraitUpsideDown UIInterfaceOrientationLandscapeLeft UIInterfaceOrientationLandscapeRight";
				INFOPLIST_KEY_UISupportedInterfaceOrientations_iPhone = "UIInterfaceOrientationPortrait UIInterfaceOrientationLandscapeLeft UIInterfaceOrientationLandscapeRight";
				IPHONEOS_DEPLOYMENT_TARGET = 15.5;
				LD_RUNPATH_SEARCH_PATHS = (
					"$(inherited)",
					"@executable_path/Frameworks",
				);
				MARKETING_VERSION = 1.0;
				PRODUCT_BUNDLE_IDENTIFIER = idylank.SDUIValidation;
				PRODUCT_NAME = SDUIValidation;
				SDKROOT = iphoneos;
				SWIFT_EMIT_LOC_STRINGS = YES;
				SWIFT_VERSION = 5.0;
				TARGETED_DEVICE_FAMILY = "1,2";
			};
			name = Debug;
		};
		FC2308A0286342B500186843 /* Release */ = {
			isa = XCBuildConfiguration;
			buildSettings = {
				ASSETCATALOG_COMPILER_APPICON_NAME = AppIcon;
				ASSETCATALOG_COMPILER_GLOBAL_ACCENT_COLOR_NAME = AccentColor;
				CODE_SIGN_STYLE = Automatic;
				CURRENT_PROJECT_VERSION = 1;
				DEVELOPMENT_TEAM = Q2P623XLD7;
				ENABLE_PREVIEWS = YES;
				GENERATE_INFOPLIST_FILE = YES;
				INFOPLIST_KEY_UIApplicationSceneManifest_Generation = YES;
				INFOPLIST_KEY_UIApplicationSupportsIndirectInputEvents = YES;
				INFOPLIST_KEY_UILaunchScreen_Generation = YES;
				INFOPLIST_KEY_UISupportedInterfaceOrientations_iPad = "UIInterfaceOrientationPortrait UIInterfaceOrientationPortraitUpsideDown UIInterfaceOrientationLandscapeLeft UIInterfaceOrientationLandscapeRight";
				INFOPLIST_KEY_UISupportedInterfaceOrientations_iPhone = "UIInterfaceOrientationPortrait UIInterfaceOrientationLandscapeLeft UIInterfaceOrientationLandscapeRight";
				IPHONEOS_DEPLOYMENT_TARGET = 15.5;
				LD_RUNPATH_SEARCH_PATHS = (
					"$(inherited)",
					"@executable_path/Frameworks",
				);
				MARKETING_VERSION = 1.0;
				PRODUCT_BUNDLE_IDENTIFIER = idylank.SDUIValidation;
				PRODUCT_NAME = SDUIValidation;
				SDKROOT = iphoneos;
				SWIFT_EMIT_LOC_STRINGS = YES;
				SWIFT_VERSION = 5.0;
				TARGETED_DEVICE_FAMILY = "1,2";
				VALIDATE_PRODUCT = YES;
			};
			name = Release;
		};
		FC2308A2286342B500186843 /* Debug */ = {
			isa = XCBuildConfiguration;
			buildSettings = {
				ASSETCATALOG_COMPILER_APPICON_NAME = AppIcon;
				ASSETCATALOG_COMPILER_GLOBAL_ACCENT_COLOR_NAME = AccentColor;
				CODE_SIGN_ENTITLEMENTS = macOS/macOS.entitlements;
				CODE_SIGN_STYLE = Automatic;
				COMBINE_HIDPI_IMAGES = YES;
				CURRENT_PROJECT_VERSION = 1;
				DEVELOPMENT_TEAM = Q2P623XLD7;
				ENABLE_HARDENED_RUNTIME = YES;
				ENABLE_PREVIEWS = YES;
				GENERATE_INFOPLIST_FILE = YES;
				INFOPLIST_KEY_NSHumanReadableCopyright = "";
				LD_RUNPATH_SEARCH_PATHS = (
					"$(inherited)",
					"@executable_path/../Frameworks",
				);
				MACOSX_DEPLOYMENT_TARGET = 12.3;
				MARKETING_VERSION = 1.0;
				PRODUCT_BUNDLE_IDENTIFIER = idylank.SDUIValidation;
				PRODUCT_NAME = SDUIValidation;
				SDKROOT = macosx;
				SWIFT_EMIT_LOC_STRINGS = YES;
				SWIFT_VERSION = 5.0;
			};
			name = Debug;
		};
		FC2308A3286342B500186843 /* Release */ = {
			isa = XCBuildConfiguration;
			buildSettings = {
				ASSETCATALOG_COMPILER_APPICON_NAME = AppIcon;
				ASSETCATALOG_COMPILER_GLOBAL_ACCENT_COLOR_NAME = AccentColor;
				CODE_SIGN_ENTITLEMENTS = macOS/macOS.entitlements;
				CODE_SIGN_STYLE = Automatic;
				COMBINE_HIDPI_IMAGES = YES;
				CURRENT_PROJECT_VERSION = 1;
				DEVELOPMENT_TEAM = Q2P623XLD7;
				ENABLE_HARDENED_RUNTIME = YES;
				ENABLE_PREVIEWS = YES;
				GENERATE_INFOPLIST_FILE = YES;
				INFOPLIST_KEY_NSHumanReadableCopyright = "";
				LD_RUNPATH_SEARCH_PATHS = (
					"$(inherited)",
					"@executable_path/../Frameworks",
				);
				MACOSX_DEPLOYMENT_TARGET = 12.3;
				MARKETING_VERSION = 1.0;
				PRODUCT_BUNDLE_IDENTIFIER = idylank.SDUIValidation;
				PRODUCT_NAME = SDUIValidation;
				SDKROOT = macosx;
				SWIFT_EMIT_LOC_STRINGS = YES;
				SWIFT_VERSION = 5.0;
			};
			name = Release;
		};
/* End XCBuildConfiguration section */

/* Begin XCConfigurationList section */
		FC230884286342B100186843 /* Build configuration list for PBXProject "validation" */ = {
			isa = XCConfigurationList;
			buildConfigurations = (
				FC23089C286342B500186843 /* Debug */,
				FC23089D286342B500186843 /* Release */,
			);
			defaultConfigurationIsVisible = 0;
			defaultConfigurationName = Release;
		};
		FC23089E286342B500186843 /* Build configuration list for PBXNativeTarget "SDUIValidation (iOS)" */ = {
			isa = XCConfigurationList;
			buildConfigurations = (
				FC23089F286342B500186843 /* Debug */,
				FC2308A0286342B500186843 /* Release */,
			);
			defaultConfigurationIsVisible = 0;
			defaultConfigurationName = Release;
		};
		FC2308A1286342B500186843 /* Build configuration list for PBXNativeTarget "SDUIValidation (macOS)" */ = {
			isa = XCConfigurationList;
			buildConfigurations = (
				FC2308A2286342B500186843 /* Debug */,
				FC2308A3286342B500186843 /* Release */,
			);
			defaultConfigurationIsVisible = 0;
			defaultConfigurationName = Release;
		};
/* End XCConfigurationList section */

/* Begin XCSwiftPackageProductDependency section */
		FC2308A72863439300186843 /* SDUI */ = {
			isa = XCSwiftPackageProductDependency;
			productName = SDUI;
		};
/* End XCSwiftPackageProductDependency section */
	};
	rootObject = FC230881286342B100186843 /* Project object */;
}
